
Microsoft Visual Studio Solution File, Format Version 12.00
# Visual Studio Version 17
VisualStudioVersion = 17.6.33801.468
MinimumVisualStudioVersion = 10.0.40219.1
Project("{FAE04EC0-301F-11D3-BF4B-00C04F79EFBC}") = "Fit World", "Fit World\Fit World.csproj", "{6F5C2060-E476-4EE5-8519-12A7E44111EC}"
EndProject
Project("{FAE04EC0-301F-11D3-BF4B-00C04F79EFBC}") = "Gym_Details", "Gym_Details\Gym_Details.csproj", "{31322A1F-7674-40BF-9549-E8909272F0D9}"
EndProject
Project("{FAE04EC0-301F-11D3-BF4B-00C04F79EFBC}") = "Equipments", "Equipments\Equipments.csproj", "{233B8095-7675-40F2-8B1A-B1C66B3BEC91}"
EndProject
Project("{FAE04EC0-301F-11D3-BF4B-00C04F79EFBC}") = "View_ Eqip", "View_ Eqip\View_ Eqip.csproj", "{B24983B6-11C6-4861-87C2-5EDE30D60AD5}"
EndProject
Project("{FAE04EC0-301F-11D3-BF4B-00C04F79EFBC}") = "Last_page", "Last_page\Last_page.csproj", "{30510885-EF40-4AEE-8D1C-F8E04D3810F1}"
EndProject
Global
	GlobalSection(SolutionConfigurationPlatforms) = preSolution
		Debug|Any CPU = Debug|Any CPU
		Release|Any CPU = Release|Any CPU
	EndGlobalSection
	GlobalSection(ProjectConfigurationPlatforms) = postSolution
		{6F5C2060-E476-4EE5-8519-12A7E44111EC}.Debug|Any CPU.ActiveCfg = Debug|Any CPU
		{6F5C2060-E476-4EE5-8519-12A7E44111EC}.Debug|Any CPU.Build.0 = Debug|Any CPU
		{6F5C2060-E476-4EE5-8519-12A7E44111EC}.Release|Any CPU.ActiveCfg = Release|Any CPU
		{6F5C2060-E476-4EE5-8519-12A7E44111EC}.Release|Any CPU.Build.0 = Release|Any CPU
		{31322A1F-7674-40BF-9549-E8909272F0D9}.Debug|Any CPU.ActiveCfg = Debug|Any CPU
		{31322A1F-7674-40BF-9549-E8909272F0D9}.Debug|Any CPU.Build.0 = Debug|Any CPU
		{31322A1F-7674-40BF-9549-E8909272F0D9}.Release|Any CPU.ActiveCfg = Release|Any CPU
		{31322A1F-7674-40BF-9549-E8909272F0D9}.Release|Any CPU.Build.0 = Release|Any CPU
		{233B8095-7675-40F2-8B1A-B1C66B3BEC91}.Debug|Any CPU.ActiveCfg = Debug|Any CPU
		{233B8095-7675-40F2-8B1A-B1C66B3BEC91}.Debug|Any CPU.Build.0 = Debug|Any CPU
		{233B8095-7675-40F2-8B1A-B1C66B3BEC91}.Release|Any CPU.ActiveCfg = Release|Any CPU
		{233B8095-7675-40F2-8B1A-B1C66B3BEC91}.Release|Any CPU.Build.0 = Release|Any CPU
		{B24983B6-11C6-4861-87C2-5EDE30D60AD5}.Debug|Any CPU.ActiveCfg = Debug|Any CPU
		{B24983B6-11C6-4861-87C2-5EDE30D60AD5}.Debug|Any CPU.Build.0 = Debug|Any CPU
		{B24983B6-11C6-4861-87C2-5EDE30D60AD5}.Release|Any CPU.ActiveCfg = Release|Any CPU
		{B24983B6-11C6-4861-87C2-5EDE30D60AD5}.Release|Any CPU.Build.0 = Release|Any CPU
		{30510885-EF40-4AEE-8D1C-F8E04D3810F1}.Debug|Any CPU.ActiveCfg = Debug|Any CPU
		{30510885-EF40-4AEE-8D1C-F8E04D3810F1}.Debug|Any CPU.Build.0 = Debug|Any CPU
		{30510885-EF40-4AEE-8D1C-F8E04D3810F1}.Release|Any CPU.ActiveCfg = Release|Any CPU
		{30510885-EF40-4AEE-8D1C-F8E04D3810F1}.Release|Any CPU.Build.0 = Release|Any CPU
	EndGlobalSection
	GlobalSection(SolutionProperties) = preSolution
		HideSolutionNode = FALSE
	EndGlobalSection
	GlobalSection(ExtensibilityGlobals) = postSolution
		SolutionGuid = {6FB38B89-E29A-42A6-9810-CED088B7928C}
	EndGlobalSection
EndGlobal
